
Microsoft Visual Studio Solution File, Format Version 12.00
# Visual Studio Version 17
VisualStudioVersion = 17.13.35825.156 d17.13
MinimumVisualStudioVersion = 10.0.40219.1
Project("{FAE04EC0-301F-11D3-BF4B-00C04F79EFBC}") = "PRACTICA 14", "PRACTICA 14.csproj", "{70E3446B-9A04-42E8-AA04-EF34BC0AE894}"
EndProject
Global
	GlobalSection(SolutionConfigurationPlatforms) = preSolution
		Debug|Any CPU = Debug|Any CPU
		Release|Any CPU = Release|Any CPU
	EndGlobalSection
	GlobalSection(ProjectConfigurationPlatforms) = postSolution
		{70E3446B-9A04-42E8-AA04-EF34BC0AE894}.Debug|Any CPU.ActiveCfg = Debug|Any CPU
		{70E3446B-9A04-42E8-AA04-EF34BC0AE894}.Debug|Any CPU.Build.0 = Debug|Any CPU
		{70E3446B-9A04-42E8-AA04-EF34BC0AE894}.Release|Any CPU.ActiveCfg = Release|Any CPU
		{70E3446B-9A04-42E8-AA04-EF34BC0AE894}.Release|Any CPU.Build.0 = Release|Any CPU
	EndGlobalSection
	GlobalSection(SolutionProperties) = preSolution
		HideSolutionNode = FALSE
	EndGlobalSection
	GlobalSection(ExtensibilityGlobals) = postSolution
		SolutionGuid = {CC0BB0C6-512D-47CB-BD7C-110C03A646D6}
	EndGlobalSection
EndGlobal
