
Microsoft Visual Studio Solution File, Format Version 12.00
# Visual Studio Version 17
VisualStudioVersion = 17.13.35825.156 d17.13
MinimumVisualStudioVersion = 10.0.40219.1
Project("{FAE04EC0-301F-11D3-BF4B-00C04F79EFBC}") = "PRACTICA 11", "PRACTICA 11.csproj", "{E6E00301-87FF-4962-B30F-6D5D052C7462}"
EndProject
Global
	GlobalSection(SolutionConfigurationPlatforms) = preSolution
		Debug|Any CPU = Debug|Any CPU
		Release|Any CPU = Release|Any CPU
	EndGlobalSection
	GlobalSection(ProjectConfigurationPlatforms) = postSolution
		{E6E00301-87FF-4962-B30F-6D5D052C7462}.Debug|Any CPU.ActiveCfg = Debug|Any CPU
		{E6E00301-87FF-4962-B30F-6D5D052C7462}.Debug|Any CPU.Build.0 = Debug|Any CPU
		{E6E00301-87FF-4962-B30F-6D5D052C7462}.Release|Any CPU.ActiveCfg = Release|Any CPU
		{E6E00301-87FF-4962-B30F-6D5D052C7462}.Release|Any CPU.Build.0 = Release|Any CPU
	EndGlobalSection
	GlobalSection(SolutionProperties) = preSolution
		HideSolutionNode = FALSE
	EndGlobalSection
	GlobalSection(ExtensibilityGlobals) = postSolution
		SolutionGuid = {5D17D9B6-B55B-49A9-A90E-129457BAD926}
	EndGlobalSection
EndGlobal
