
Microsoft Visual Studio Solution File, Format Version 12.00
# Visual Studio Version 17
VisualStudioVersion = 17.13.35825.156 d17.13
MinimumVisualStudioVersion = 10.0.40219.1
Project("{FAE04EC0-301F-11D3-BF4B-00C04F79EFBC}") = "Practica 3", "Practica 3.csproj", "{879ADCAC-D8CB-47F8-BF67-3DD7951B2C01}"
EndProject
Global
	GlobalSection(SolutionConfigurationPlatforms) = preSolution
		Debug|Any CPU = Debug|Any CPU
		Release|Any CPU = Release|Any CPU
	EndGlobalSection
	GlobalSection(ProjectConfigurationPlatforms) = postSolution
		{879ADCAC-D8CB-47F8-BF67-3DD7951B2C01}.Debug|Any CPU.ActiveCfg = Debug|Any CPU
		{879ADCAC-D8CB-47F8-BF67-3DD7951B2C01}.Debug|Any CPU.Build.0 = Debug|Any CPU
		{879ADCAC-D8CB-47F8-BF67-3DD7951B2C01}.Release|Any CPU.ActiveCfg = Release|Any CPU
		{879ADCAC-D8CB-47F8-BF67-3DD7951B2C01}.Release|Any CPU.Build.0 = Release|Any CPU
	EndGlobalSection
	GlobalSection(SolutionProperties) = preSolution
		HideSolutionNode = FALSE
	EndGlobalSection
	GlobalSection(ExtensibilityGlobals) = postSolution
		SolutionGuid = {FD9CB12C-A05C-402B-8387-81C121081A82}
	EndGlobalSection
EndGlobal
