
Microsoft Visual Studio Solution File, Format Version 12.00
# Visual Studio Version 17
VisualStudioVersion = 17.13.35825.156 d17.13
MinimumVisualStudioVersion = 10.0.40219.1
Project("{FAE04EC0-301F-11D3-BF4B-00C04F79EFBC}") = "Practica 1", "Practica 1.csproj", "{EF0089D7-07BC-4862-9F15-8A894734D1FD}"
EndProject
Global
	GlobalSection(SolutionConfigurationPlatforms) = preSolution
		Debug|Any CPU = Debug|Any CPU
		Release|Any CPU = Release|Any CPU
	EndGlobalSection
	GlobalSection(ProjectConfigurationPlatforms) = postSolution
		{EF0089D7-07BC-4862-9F15-8A894734D1FD}.Debug|Any CPU.ActiveCfg = Debug|Any CPU
		{EF0089D7-07BC-4862-9F15-8A894734D1FD}.Debug|Any CPU.Build.0 = Debug|Any CPU
		{EF0089D7-07BC-4862-9F15-8A894734D1FD}.Release|Any CPU.ActiveCfg = Release|Any CPU
		{EF0089D7-07BC-4862-9F15-8A894734D1FD}.Release|Any CPU.Build.0 = Release|Any CPU
	EndGlobalSection
	GlobalSection(SolutionProperties) = preSolution
		HideSolutionNode = FALSE
	EndGlobalSection
	GlobalSection(ExtensibilityGlobals) = postSolution
		SolutionGuid = {925C59E8-8DAD-48D7-B219-079116DD97BC}
	EndGlobalSection
EndGlobal
